
Microsoft Visual Studio Solution File, Format Version 12.00
# Visual Studio Version 17
VisualStudioVersion = 17.2.32516.85
MinimumVisualStudioVersion = 10.0.40219.1
Project("{9A19103F-16F7-4668-BE54-9A1E7A4F7556}") = "Mabill.API", "Mabill.API\Mabill.API.csproj", "{05F17467-8390-4906-874A-6B544619410B}"
EndProject
Project("{9A19103F-16F7-4668-BE54-9A1E7A4F7556}") = "Mabill.Domain", "Mabill.Domain\Mabill.Domain.csproj", "{59A3310E-6C54-4FAA-9584-560C4F8600DA}"
EndProject
Project("{FAE04EC0-301F-11D3-BF4B-00C04F79EFBC}") = "Mabill.Data", "Mabill.Data\Mabill.Data.csproj", "{94CA8FE4-F8ED-430D-86B1-59458F190419}"
EndProject
Global
	GlobalSection(SolutionConfigurationPlatforms) = preSolution
		Debug|Any CPU = Debug|Any CPU
		Release|Any CPU = Release|Any CPU
	EndGlobalSection
	GlobalSection(ProjectConfigurationPlatforms) = postSolution
		{05F17467-8390-4906-874A-6B544619410B}.Debug|Any CPU.ActiveCfg = Debug|Any CPU
		{05F17467-8390-4906-874A-6B544619410B}.Debug|Any CPU.Build.0 = Debug|Any CPU
		{05F17467-8390-4906-874A-6B544619410B}.Release|Any CPU.ActiveCfg = Release|Any CPU
		{05F17467-8390-4906-874A-6B544619410B}.Release|Any CPU.Build.0 = Release|Any CPU
		{59A3310E-6C54-4FAA-9584-560C4F8600DA}.Debug|Any CPU.ActiveCfg = Debug|Any CPU
		{59A3310E-6C54-4FAA-9584-560C4F8600DA}.Debug|Any CPU.Build.0 = Debug|Any CPU
		{59A3310E-6C54-4FAA-9584-560C4F8600DA}.Release|Any CPU.ActiveCfg = Release|Any CPU
		{59A3310E-6C54-4FAA-9584-560C4F8600DA}.Release|Any CPU.Build.0 = Release|Any CPU
		{94CA8FE4-F8ED-430D-86B1-59458F190419}.Debug|Any CPU.ActiveCfg = Debug|Any CPU
		{94CA8FE4-F8ED-430D-86B1-59458F190419}.Debug|Any CPU.Build.0 = Debug|Any CPU
		{94CA8FE4-F8ED-430D-86B1-59458F190419}.Release|Any CPU.ActiveCfg = Release|Any CPU
		{94CA8FE4-F8ED-430D-86B1-59458F190419}.Release|Any CPU.Build.0 = Release|Any CPU
	EndGlobalSection
	GlobalSection(SolutionProperties) = preSolution
		HideSolutionNode = FALSE
	EndGlobalSection
	GlobalSection(ExtensibilityGlobals) = postSolution
		SolutionGuid = {44E6713F-A4C4-45B5-A62E-ADADA7D292D7}
	EndGlobalSection
EndGlobal
